// !$*UTF8*$!
{
	archiveVersion = 1;
	classes = {
	};
	objectVersion = 77;
	objects = {

/* Begin PBXContainerItemProxy section */
		93EEFB7C2F4055670027E63F /* PBXContainerItemProxy */ = {
			isa = PBXContainerItemProxy;
			containerPortal = 93EEFB632F4055650027E63F /* Project object */;
			proxyType = 1;
			remoteGlobalIDString = 93EEFB6A2F4055650027E63F;
			remoteInfo = treehacks;
		};
		93EEFB862F4055670027E63F /* PBXContainerItemProxy */ = {
			isa = PBXContainerItemProxy;
			containerPortal = 93EEFB632F4055650027E63F /* Project object */;
			proxyType = 1;
			remoteGlobalIDString = 93EEFB6A2F4055650027E63F;
			remoteInfo = treehacks;
		};
/* End PBXContainerItemProxy section */

/* Begin PBXFileReference section */
		93EEFB6B2F4055650027E63F /* treehacks.app */ = {isa = PBXFileReference; explicitFileType = wrapper.application; includeInIndex = 0; path = treehacks.app; sourceTree = BUILT_PRODUCTS_DIR; };
		93EEFB7B2F4055670027E63F /* treehacksTests.xctest */ = {isa = PBXFileReference; explicitFileType = wrapper.cfbundle; includeInIndex = 0; path = treehacksTests.xctest; sourceTree = BUILT_PRODUCTS_DIR; };
		93EEFB852F4055670027E63F /* treehacksUITests.xctest */ = {isa = PBXFileReference; explicitFileType = wrapper.cfbundle; includeInIndex = 0; path = treehacksUITests.xctest; sourceTree = BUILT_PRODUCTS_DIR; };
/* End PBXFileReference section */

/* Begin PBXFileSystemSynchronizedRootGroup section */
		93EEFB6D2F4055650027E63F /* treehacks */ = {
			isa = PBXFileSystemSynchronizedRootGroup;
			path = treehacks;
			sourceTree = "<group>";
		};
		93EEFB7E2F4055670027E63F /* treehacksTests */ = {
			isa = PBXFileSystemSynchronizedRootGroup;
			path = treehacksTests;
			sourceTree = "<group>";
		};
		93EEFB882F4055670027E63F /* treehacksUITests */ = {
			isa = PBXFileSystemSynchronizedRootGroup;
			path = treehacksUITests;
			sourceTree = "<group>";
		};
/* End PBXFileSystemSynchronizedRootGroup section */

/* Begin PBXFrameworksBuildPhase section */
		93EEFB682F4055650027E63F /* Frameworks */ = {
			isa = PBXFrameworksBuildPhase;
			buildActionMask = 2147483647;
			files = (
			);
			runOnlyForDeploymentPostprocessing = 0;
		};
		93EEFB782F4055670027E63F /* Frameworks */ = {
			isa = PBXFrameworksBuildPhase;
			buildActionMask = 2147483647;
			files = (
			);
			runOnlyForDeploymentPostprocessing = 0;
		};
		93EEFB822F4055670027E63F /* Frameworks */ = {
			isa = PBXFrameworksBuildPhase;
			buildActionMask = 2147483647;
			files = (
			);
			runOnlyForDeploymentPostprocessing = 0;
		};
/* End PBXFrameworksBuildPhase section */

/* Begin PBXGroup section */
		93EEFB622F4055650027E63F = {
			isa = PBXGroup;
			children = (
				93EEFB6D2F4055650027E63F /* treehacks */,
				93EEFB7E2F4055670027E63F /* treehacksTests */,
				93EEFB882F4055670027E63F /* treehacksUITests */,
				93EEFB6C2F4055650027E63F /* Products */,
			);
			sourceTree = "<group>";
		};
		93EEFB6C2F4055650027E63F /* Products */ = {
			isa = PBXGroup;
			children = (
				93EEFB6B2F4055650027E63F /* treehacks.app */,
				93EEFB7B2F4055670027E63F /* treehacksTests.xctest */,
				93EEFB852F4055670027E63F /* treehacksUITests.xctest */,
			);
			name = Products;
			sourceTree = "<group>";
		};
/* End PBXGroup section */

/* Begin PBXNativeTarget section */
		93EEFB6A2F4055650027E63F /* treehacks */ = {
			isa = PBXNativeTarget;
			buildConfigurationList = 93EEFB8F2F4055670027E63F /* Build configuration list for PBXNativeTarget "treehacks" */;
			buildPhases = (
				93EEFB672F4055650027E63F /* Sources */,
				93EEFB682F4055650027E63F /* Frameworks */,
				93EEFB692F4055650027E63F /* Resources */,
			);
			buildRules = (
			);
			dependencies = (
			);
			fileSystemSynchronizedGroups = (
				93EEFB6D2F4055650027E63F /* treehacks */,
			);
			name = treehacks;
			packageProductDependencies = (
			);
			productName = treehacks;
			productReference = 93EEFB6B2F4055650027E63F /* treehacks.app */;
			productType = "com.apple.product-type.application";
		};
		93EEFB7A2F4055670027E63F /* treehacksTests */ = {
			isa = PBXNativeTarget;
			buildConfigurationList = 93EEFB922F4055670027E63F /* Build configuration list for PBXNativeTarget "treehacksTests" */;
			buildPhases = (
				93EEFB772F4055670027E63F /* Sources */,
				93EEFB782F4055670027E63F /* Frameworks */,
				93EEFB792F4055670027E63F /* Resources */,
			);
			buildRules = (
			);
			dependencies = (
				93EEFB7D2F4055670027E63F /* PBXTargetDependency */,
			);
			fileSystemSynchronizedGroups = (
				93EEFB7E2F4055670027E63F /* treehacksTests */,
			);
			name = treehacksTests;
			packageProductDependencies = (
			);
			productName = treehacksTests;
			productReference = 93EEFB7B2F4055670027E63F /* treehacksTests.xctest */;
			productType = "com.apple.product-type.bundle.unit-test";
		};
		93EEFB842F4055670027E63F /* treehacksUITests */ = {
			isa = PBXNativeTarget;
			buildConfigurationList = 93EEFB952F4055670027E63F /* Build configuration list for PBXNativeTarget "treehacksUITests" */;
			buildPhases = (
				93EEFB812F4055670027E63F /* Sources */,
				93EEFB822F4055670027E63F /* Frameworks */,
				93EEFB832F4055670027E63F /* Resources */,
			);
			buildRules = (
			);
			dependencies = (
				93EEFB872F4055670027E63F /* PBXTargetDependency */,
			);
			fileSystemSynchronizedGroups = (
				93EEFB882F4055670027E63F /* treehacksUITests */,
			);
			name = treehacksUITests;
			packageProductDependencies = (
			);
			productName = treehacksUITests;
			productReference = 93EEFB852F4055670027E63F /* treehacksUITests.xctest */;
			productType = "com.apple.product-type.bundle.ui-testing";
		};
/* End PBXNativeTarget section */

/* Begin PBXProject section */
		93EEFB632F4055650027E63F /* Project object */ = {
			isa = PBXProject;
			attributes = {
				BuildIndependentTargetsInParallel = 1;
				LastSwiftUpdateCheck = 1620;
				LastUpgradeCheck = 1620;
				TargetAttributes = {
					93EEFB6A2F4055650027E63F = {
						CreatedOnToolsVersion = 16.2;
					};
					93EEFB7A2F4055670027E63F = {
						CreatedOnToolsVersion = 16.2;
						TestTargetID = 93EEFB6A2F4055650027E63F;
					};
					93EEFB842F4055670027E63F = {
						CreatedOnToolsVersion = 16.2;
						TestTargetID = 93EEFB6A2F4055650027E63F;
					};
				};
			};
			buildConfigurationList = 93EEFB662F4055650027E63F /* Build configuration list for PBXProject "treehacks" */;
			developmentRegion = en;
			hasScannedForEncodings = 0;
			knownRegions = (
				en,
				Base,
			);
			mainGroup = 93EEFB622F4055650027E63F;
			minimizedProjectReferenceProxies = 1;
			preferredProjectObjectVersion = 77;
			productRefGroup = 93EEFB6C2F4055650027E63F /* Products */;
			projectDirPath = "";
			projectRoot = "";
			targets = (
				93EEFB6A2F4055650027E63F /* treehacks */,
				93EEFB7A2F4055670027E63F /* treehacksTests */,
				93EEFB842F4055670027E63F /* treehacksUITests */,
			);
		};
/* End PBXProject section */

/* Begin PBXResourcesBuildPhase section */
		93EEFB692F4055650027E63F /* Resources */ = {
			isa = PBXResourcesBuildPhase;
			buildActionMask = 2147483647;
			files = (
			);
			runOnlyForDeploymentPostprocessing = 0;
		};
		93EEFB792F4055670027E63F /* Resources */ = {
			isa = PBXResourcesBuildPhase;
			buildActionMask = 2147483647;
			files = (
			);
			runOnlyForDeploymentPostprocessing = 0;
		};
		93EEFB832F4055670027E63F /* Resources */ = {
			isa = PBXResourcesBuildPhase;
			buildActionMask = 2147483647;
			files = (
			);
			runOnlyForDeploymentPostprocessing = 0;
		};
/* End PBXResourcesBuildPhase section */

/* Begin PBXSourcesBuildPhase section */
		93EEFB672F4055650027E63F /* Sources */ = {
			isa = PBXSourcesBuildPhase;
			buildActionMask = 2147483647;
			files = (
			);
			runOnlyForDeploymentPostprocessing = 0;
		};
		93EEFB772F4055670027E63F /* Sources */ = {
			isa = PBXSourcesBuildPhase;
			buildActionMask = 2147483647;
			files = (
			);
			runOnlyForDeploymentPostprocessing = 0;
		};
		93EEFB812F4055670027E63F /* Sources */ = {
			isa = PBXSourcesBuildPhase;
			buildActionMask = 2147483647;
			files = (
			);
			runOnlyForDeploymentPostprocessing = 0;
		};
/* End PBXSourcesBuildPhase section */

/* Begin PBXTargetDependency section */
		93EEFB7D2F4055670027E63F /* PBXTargetDependency */ = {
			isa = PBXTargetDependency;
			target = 93EEFB6A2F4055650027E63F /* treehacks */;
			targetProxy = 93EEFB7C2F4055670027E63F /* PBXContainerItemProxy */;
		};
		93EEFB872F4055670027E63F /* PBXTargetDependency */ = {
			isa = PBXTargetDependency;
			target = 93EEFB6A2F4055650027E63F /* treehacks */;
			targetProxy = 93EEFB862F4055670027E63F /* PBXContainerItemProxy */;
		};
/* End PBXTargetDependency section */

/* Begin XCBuildConfiguration section */
		93EEFB8D2F4055670027E63F /* Debug */ = {
			isa = XCBuildConfiguration;
			buildSettings = {
				ALWAYS_SEARCH_USER_PATHS = NO;
				ASSETCATALOG_COMPILER_GENERATE_SWIFT_ASSET_SYMBOL_EXTENSIONS = YES;
				CLANG_ANALYZER_NONNULL = YES;
				CLANG_ANALYZER_NUMBER_OBJECT_CONVERSION = YES_AGGRESSIVE;
				CLANG_CXX_LANGUAGE_STANDARD = "gnu++20";
				CLANG_ENABLE_MODULES = YES;
				CLANG_ENABLE_OBJC_ARC = YES;
				CLANG_ENABLE_OBJC_WEAK = YES;
				CLANG_WARN_BLOCK_CAPTURE_AUTORELEASING = YES;
				CLANG_WARN_BOOL_CONVERSION = YES;
				CLANG_WARN_COMMA = YES;
				CLANG_WARN_CONSTANT_CONVERSION = YES;
				CLANG_WARN_DEPRECATED_OBJC_IMPLEMENTATIONS = YES;
				CLANG_WARN_DIRECT_OBJC_ISA_USAGE = YES_ERROR;
				CLANG_WARN_DOCUMENTATION_COMMENTS = YES;
				CLANG_WARN_EMPTY_BODY = YES;
				CLANG_WARN_ENUM_CONVERSION = YES;
				CLANG_WARN_INFINITE_RECURSION = YES;
				CLANG_WARN_INT_CONVERSION = YES;
				CLANG_WARN_NON_LITERAL_NULL_CONVERSION = YES;
				CLANG_WARN_OBJC_IMPLICIT_RETAIN_SELF = YES;
				CLANG_WARN_OBJC_LITERAL_CONVERSION = YES;
				CLANG_WARN_OBJC_ROOT_CLASS = YES_ERROR;
				CLANG_WARN_QUOTED_INCLUDE_IN_FRAMEWORK_HEADER = YES;
				CLANG_WARN_RANGE_LOOP_ANALYSIS = YES;
				CLANG_WARN_STRICT_PROTOTYPES = YES;
				CLANG_WARN_SUSPICIOUS_MOVE = YES;
				CLANG_WARN_UNGUARDED_AVAILABILITY = YES_AGGRESSIVE;
				CLANG_WARN_UNREACHABLE_CODE = YES;
				CLANG_WARN__DUPLICATE_METHOD_MATCH = YES;
				COPY_PHASE_STRIP = NO;
				DEBUG_INFORMATION_FORMAT = dwarf;
				ENABLE_STRICT_OBJC_MSGSEND = YES;
				ENABLE_TESTABILITY = YES;
				ENABLE_USER_SCRIPT_SANDBOXING = YES;
				GCC_C_LANGUAGE_STANDARD = gnu17;
				GCC_DYNAMIC_NO_PIC = NO;
				GCC_NO_COMMON_BLOCKS = YES;
				GCC_OPTIMIZATION_LEVEL = 0;
				GCC_PREPROCESSOR_DEFINITIONS = (
					"DEBUG=1",
					"$(inherited)",
				);
				GCC_WARN_64_TO_32_BIT_CONVERSION = YES;
				GCC_WARN_ABOUT_RETURN_TYPE = YES_ERROR;
				GCC_WARN_UNDECLARED_SELECTOR = YES;
				GCC_WARN_UNINITIALIZED_AUTOS = YES_AGGRESSIVE;
				GCC_WARN_UNUSED_FUNCTION = YES;
				GCC_WARN_UNUSED_VARIABLE = YES;
				IPHONEOS_DEPLOYMENT_TARGET = 18.2;
				LOCALIZATION_PREFERS_STRING_CATALOGS = YES;
				MTL_ENABLE_DEBUG_INFO = INCLUDE_SOURCE;
				MTL_FAST_MATH = YES;
				ONLY_ACTIVE_ARCH = YES;
				SDKROOT = iphoneos;
				SWIFT_ACTIVE_COMPILATION_CONDITIONS = "DEBUG $(inherited)";
				SWIFT_OPTIMIZATION_LEVEL = "-Onone";
			};
			name = Debug;
		};
		93EEFB8E2F4055670027E63F /* Release */ = {
			isa = XCBuildConfiguration;
			buildSettings = {
				ALWAYS_SEARCH_USER_PATHS = NO;
				ASSETCATALOG_COMPILER_GENERATE_SWIFT_ASSET_SYMBOL_EXTENSIONS = YES;
				CLANG_ANALYZER_NONNULL = YES;
				CLANG_ANALYZER_NUMBER_OBJECT_CONVERSION = YES_AGGRESSIVE;
				CLANG_CXX_LANGUAGE_STANDARD = "gnu++20";
				CLANG_ENABLE_MODULES = YES;
				CLANG_ENABLE_OBJC_ARC = YES;
				CLANG_ENABLE_OBJC_WEAK = YES;
				CLANG_WARN_BLOCK_CAPTURE_AUTORELEASING = YES;
				CLANG_WARN_BOOL_CONVERSION = YES;
				CLANG_WARN_COMMA = YES;
				CLANG_WARN_CONSTANT_CONVERSION = YES;
				CLANG_WARN_DEPRECATED_OBJC_IMPLEMENTATIONS = YES;
				CLANG_WARN_DIRECT_OBJC_ISA_USAGE = YES_ERROR;
				CLANG_WARN_DOCUMENTATION_COMMENTS = YES;
				CLANG_WARN_EMPTY_BODY = YES;
				CLANG_WARN_ENUM_CONVERSION = YES;
				CLANG_WARN_INFINITE_RECURSION = YES;
				CLANG_WARN_INT_CONVERSION = YES;
				CLANG_WARN_NON_LITERAL_NULL_CONVERSION = YES;
				CLANG_WARN_OBJC_IMPLICIT_RETAIN_SELF = YES;
				CLANG_WARN_OBJC_LITERAL_CONVERSION = YES;
				CLANG_WARN_OBJC_ROOT_CLASS = YES_ERROR;
				CLANG_WARN_QUOTED_INCLUDE_IN_FRAMEWORK_HEADER = YES;
				CLANG_WARN_RANGE_LOOP_ANALYSIS = YES;
				CLANG_WARN_STRICT_PROTOTYPES = YES;
				CLANG_WARN_SUSPICIOUS_MOVE = YES;
				CLANG_WARN_UNGUARDED_AVAILABILITY = YES_AGGRESSIVE;
				CLANG_WARN_UNREACHABLE_CODE = YES;
				CLANG_WARN__DUPLICATE_METHOD_MATCH = YES;
				COPY_PHASE_STRIP = NO;
				DEBUG_INFORMATION_FORMAT = "dwarf-with-dsym";
				ENABLE_NS_ASSERTIONS = NO;
				ENABLE_STRICT_OBJC_MSGSEND = YES;
				ENABLE_USER_SCRIPT_SANDBOXING = YES;
				GCC_C_LANGUAGE_STANDARD = gnu17;
				GCC_NO_COMMON_BLOCKS = YES;
				GCC_WARN_64_TO_32_BIT_CONVERSION = YES;
				GCC_WARN_ABOUT_RETURN_TYPE = YES_ERROR;
				GCC_WARN_UNDECLARED_SELECTOR = YES;
				GCC_WARN_UNINITIALIZED_AUTOS = YES_AGGRESSIVE;
				GCC_WARN_UNUSED_FUNCTION = YES;
				GCC_WARN_UNUSED_VARIABLE = YES;
				IPHONEOS_DEPLOYMENT_TARGET = 18.2;
				LOCALIZATION_PREFERS_STRING_CATALOGS = YES;
				MTL_ENABLE_DEBUG_INFO = NO;
				MTL_FAST_MATH = YES;
				SDKROOT = iphoneos;
				SWIFT_COMPILATION_MODE = wholemodule;
				VALIDATE_PRODUCT = YES;
			};
			name = Release;
		};
		93EEFB902F4055670027E63F /* Debug */ = {
			isa = XCBuildConfiguration;
			buildSettings = {
				ASSETCATALOG_COMPILER_APPICON_NAME = AppIcon;
				ASSETCATALOG_COMPILER_GLOBAL_ACCENT_COLOR_NAME = AccentColor;
				CODE_SIGN_STYLE = Automatic;
				CURRENT_PROJECT_VERSION = 1;
				DEVELOPMENT_ASSET_PATHS = "\"treehacks/Preview Content\"";
				DEVELOPMENT_TEAM = U864964B3Y;
				ENABLE_PREVIEWS = YES;
				GENERATE_INFOPLIST_FILE = YES;
				INFOPLIST_KEY_NSCameraUsageDescription = "This app uses the camera for memory recall recording and facial recognition.";
				INFOPLIST_KEY_NSMicrophoneUsageDescription = "This app uses the microphone to record audio alongside video for memory recall.";
				INFOPLIST_KEY_NSSpeechRecognitionUsageDescription = "This app uses speech recognition so you can ask questions about what you saw.";
				INFOPLIST_KEY_UIApplicationSceneManifest_Generation = YES;
				INFOPLIST_KEY_UIApplicationSupportsIndirectInputEvents = YES;
				INFOPLIST_KEY_UILaunchScreen_Generation = YES;
				INFOPLIST_KEY_UISupportedInterfaceOrientations_iPad = "UIInterfaceOrientationPortrait UIInterfaceOrientationPortraitUpsideDown UIInterfaceOrientationLandscapeLeft UIInterfaceOrientationLandscapeRight";
				INFOPLIST_KEY_UISupportedInterfaceOrientations_iPhone = "UIInterfaceOrientationPortrait UIInterfaceOrientationLandscapeLeft UIInterfaceOrientationLandscapeRight";
				LD_RUNPATH_SEARCH_PATHS = (
					"$(inherited)",
					"@executable_path/Frameworks",
				);
				MARKETING_VERSION = 1.0;
				PRODUCT_BUNDLE_IDENTIFIER = dylan.treehacks;
				PRODUCT_NAME = "$(TARGET_NAME)";
				SWIFT_EMIT_LOC_STRINGS = YES;
				SWIFT_VERSION = 5.0;
				TARGETED_DEVICE_FAMILY = "1,2";
			};
			name = Debug;
		};
		93EEFB912F4055670027E63F /* Release */ = {
			isa = XCBuildConfiguration;
			buildSettings = {
				ASSETCATALOG_COMPILER_APPICON_NAME = AppIcon;
				ASSETCATALOG_COMPILER_GLOBAL_ACCENT_COLOR_NAME = AccentColor;
				CODE_SIGN_STYLE = Automatic;
				CURRENT_PROJECT_VERSION = 1;
				DEVELOPMENT_ASSET_PATHS = "\"treehacks/Preview Content\"";
				DEVELOPMENT_TEAM = U864964B3Y;
				ENABLE_PREVIEWS = YES;
				GENERATE_INFOPLIST_FILE = YES;
				INFOPLIST_KEY_NSCameraUsageDescription = "This app uses the camera for memory recall recording and facial recognition.";
				INFOPLIST_KEY_NSMicrophoneUsageDescription = "This app uses the microphone to record audio alongside video for memory recall.";
				INFOPLIST_KEY_NSSpeechRecognitionUsageDescription = "This app uses speech recognition so you can ask questions about what you saw.";
				INFOPLIST_KEY_UIApplicationSceneManifest_Generation = YES;
				INFOPLIST_KEY_UIApplicationSupportsIndirectInputEvents = YES;
				INFOPLIST_KEY_UILaunchScreen_Generation = YES;
				INFOPLIST_KEY_UISupportedInterfaceOrientations_iPad = "UIInterfaceOrientationPortrait UIInterfaceOrientationPortraitUpsideDown UIInterfaceOrientationLandscapeLeft UIInterfaceOrientationLandscapeRight";
				INFOPLIST_KEY_UISupportedInterfaceOrientations_iPhone = "UIInterfaceOrientationPortrait UIInterfaceOrientationLandscapeLeft UIInterfaceOrientationLandscapeRight";
				LD_RUNPATH_SEARCH_PATHS = (
					"$(inherited)",
					"@executable_path/Frameworks",
				);
				MARKETING_VERSION = 1.0;
				PRODUCT_BUNDLE_IDENTIFIER = dylan.treehacks;
				PRODUCT_NAME = "$(TARGET_NAME)";
				SWIFT_EMIT_LOC_STRINGS = YES;
				SWIFT_VERSION = 5.0;
				TARGETED_DEVICE_FAMILY = "1,2";
			};
			name = Release;
		};
		93EEFB932F4055670027E63F /* Debug */ = {
			isa = XCBuildConfiguration;
			buildSettings = {
				BUNDLE_LOADER = "$(TEST_HOST)";
				CODE_SIGN_STYLE = Automatic;
				CURRENT_PROJECT_VERSION = 1;
				GENERATE_INFOPLIST_FILE = YES;
				IPHONEOS_DEPLOYMENT_TARGET = 18.2;
				MARKETING_VERSION = 1.0;
				PRODUCT_BUNDLE_IDENTIFIER = dylan.treehacksTests;
				PRODUCT_NAME = "$(TARGET_NAME)";
				SWIFT_EMIT_LOC_STRINGS = NO;
				SWIFT_VERSION = 5.0;
				TARGETED_DEVICE_FAMILY = "1,2";
				TEST_HOST = "$(BUILT_PRODUCTS_DIR)/treehacks.app/$(BUNDLE_EXECUTABLE_FOLDER_PATH)/treehacks";
			};
			name = Debug;
		};
		93EEFB942F4055670027E63F /* Release */ = {
			isa = XCBuildConfiguration;
			buildSettings = {
				BUNDLE_LOADER = "$(TEST_HOST)";
				CODE_SIGN_STYLE = Automatic;
				CURRENT_PROJECT_VERSION = 1;
				GENERATE_INFOPLIST_FILE = YES;
				IPHONEOS_DEPLOYMENT_TARGET = 18.2;
				MARKETING_VERSION = 1.0;
				PRODUCT_BUNDLE_IDENTIFIER = dylan.treehacksTests;
				PRODUCT_NAME = "$(TARGET_NAME)";
				SWIFT_EMIT_LOC_STRINGS = NO;
				SWIFT_VERSION = 5.0;
				TARGETED_DEVICE_FAMILY = "1,2";
				TEST_HOST = "$(BUILT_PRODUCTS_DIR)/treehacks.app/$(BUNDLE_EXECUTABLE_FOLDER_PATH)/treehacks";
			};
			name = Release;
		};
		93EEFB962F4055670027E63F /* Debug */ = {
			isa = XCBuildConfiguration;
			buildSettings = {
				CODE_SIGN_STYLE = Automatic;
				CURRENT_PROJECT_VERSION = 1;
				GENERATE_INFOPLIST_FILE = YES;
				MARKETING_VERSION = 1.0;
				PRODUCT_BUNDLE_IDENTIFIER = dylan.treehacksUITests;
				PRODUCT_NAME = "$(TARGET_NAME)";
				SWIFT_EMIT_LOC_STRINGS = NO;
				SWIFT_VERSION = 5.0;
				TARGETED_DEVICE_FAMILY = "1,2";
				TEST_TARGET_NAME = treehacks;
			};
			name = Debug;
		};
		93EEFB972F4055670027E63F /* Release */ = {
			isa = XCBuildConfiguration;
			buildSettings = {
				CODE_SIGN_STYLE = Automatic;
				CURRENT_PROJECT_VERSION = 1;
				GENERATE_INFOPLIST_FILE = YES;
				MARKETING_VERSION = 1.0;
				PRODUCT_BUNDLE_IDENTIFIER = dylan.treehacksUITests;
				PRODUCT_NAME = "$(TARGET_NAME)";
				SWIFT_EMIT_LOC_STRINGS = NO;
				SWIFT_VERSION = 5.0;
				TARGETED_DEVICE_FAMILY = "1,2";
				TEST_TARGET_NAME = treehacks;
			};
			name = Release;
		};
/* End XCBuildConfiguration section */

/* Begin XCConfigurationList section */
		93EEFB662F4055650027E63F /* Build configuration list for PBXProject "treehacks" */ = {
			isa = XCConfigurationList;
			buildConfigurations = (
				93EEFB8D2F4055670027E63F /* Debug */,
				93EEFB8E2F4055670027E63F /* Release */,
			);
			defaultConfigurationIsVisible = 0;
			defaultConfigurationName = Release;
		};
		93EEFB8F2F4055670027E63F /* Build configuration list for PBXNativeTarget "treehacks" */ = {
			isa = XCConfigurationList;
			buildConfigurations = (
				93EEFB902F4055670027E63F /* Debug */,
				93EEFB912F4055670027E63F /* Release */,
			);
			defaultConfigurationIsVisible = 0;
			defaultConfigurationName = Release;
		};
		93EEFB922F4055670027E63F /* Build configuration list for PBXNativeTarget "treehacksTests" */ = {
			isa = XCConfigurationList;
			buildConfigurations = (
				93EEFB932F4055670027E63F /* Debug */,
				93EEFB942F4055670027E63F /* Release */,
			);
			defaultConfigurationIsVisible = 0;
			defaultConfigurationName = Release;
		};
		93EEFB952F4055670027E63F /* Build configuration list for PBXNativeTarget "treehacksUITests" */ = {
			isa = XCConfigurationList;
			buildConfigurations = (
				93EEFB962F4055670027E63F /* Debug */,
				93EEFB972F4055670027E63F /* Release */,
			);
			defaultConfigurationIsVisible = 0;
			defaultConfigurationName = Release;
		};
/* End XCConfigurationList section */
	};
	rootObject = 93EEFB632F4055650027E63F /* Project object */;
}
